// !$*UTF8*$!
{
	archiveVersion = 1;
	classes = {
	};
	objectVersion = 50;
	objects = {

/* Begin PBXBuildFile section */
		8EDD6FBB2695914300C6A7A7 /* myFirstProjectApp.swift in Sources */ = {isa = PBXBuildFile; fileRef = 8EDD6FBA2695914300C6A7A7 /* myFirstProjectApp.swift */; };
		8EDD6FBD2695914300C6A7A7 /* ContentView.swift in Sources */ = {isa = PBXBuildFile; fileRef = 8EDD6FBC2695914300C6A7A7 /* ContentView.swift */; };
		8EDD6FBF2695914600C6A7A7 /* Assets.xcassets in Resources */ = {isa = PBXBuildFile; fileRef = 8EDD6FBE2695914600C6A7A7 /* Assets.xcassets */; };
		8EDD6FC22695914600C6A7A7 /* Preview Assets.xcassets in Resources */ = {isa = PBXBuildFile; fileRef = 8EDD6FC12695914600C6A7A7 /* Preview Assets.xcassets */; };
		8EDD6FCD2695914600C6A7A7 /* myFirstProjectTests.swift in Sources */ = {isa = PBXBuildFile; fileRef = 8EDD6FCC2695914600C6A7A7 /* myFirstProjectTests.swift */; };
		8EDD6FD82695914700C6A7A7 /* myFirstProjectUITests.swift in Sources */ = {isa = PBXBuildFile; fileRef = 8EDD6FD72695914700C6A7A7 /* myFirstProjectUITests.swift */; };
/* End PBXBuildFile section */

/* Begin PBXContainerItemProxy section */
		8EDD6FC92695914600C6A7A7 /* PBXContainerItemProxy */ = {
			isa = PBXContainerItemProxy;
			containerPortal = 8EDD6FAF2695914300C6A7A7 /* Project object */;
			proxyType = 1;
			remoteGlobalIDString = 8EDD6FB62695914300C6A7A7;
			remoteInfo = myFirstProject;
		};
		8EDD6FD42695914700C6A7A7 /* PBXContainerItemProxy */ = {
			isa = PBXContainerItemProxy;
			containerPortal = 8EDD6FAF2695914300C6A7A7 /* Project object */;
			proxyType = 1;
			remoteGlobalIDString = 8EDD6FB62695914300C6A7A7;
			remoteInfo = myFirstProject;
		};
/* End PBXContainerItemProxy section */

/* Begin PBXFileReference section */
		8EDD6FB72695914300C6A7A7 /* myFirstProject.app */ = {isa = PBXFileReference; explicitFileType = wrapper.application; includeInIndex = 0; path = myFirstProject.app; sourceTree = BUILT_PRODUCTS_DIR; };
		8EDD6FBA2695914300C6A7A7 /* myFirstProjectApp.swift */ = {isa = PBXFileReference; lastKnownFileType = sourcecode.swift; path = myFirstProjectApp.swift; sourceTree = "<group>"; };
		8EDD6FBC2695914300C6A7A7 /* ContentView.swift */ = {isa = PBXFileReference; lastKnownFileType = sourcecode.swift; path = ContentView.swift; sourceTree = "<group>"; };
		8EDD6FBE2695914600C6A7A7 /* Assets.xcassets */ = {isa = PBXFileReference; lastKnownFileType = folder.assetcatalog; path = Assets.xcassets; sourceTree = "<group>"; };
		8EDD6FC12695914600C6A7A7 /* Preview Assets.xcassets */ = {isa = PBXFileReference; lastKnownFileType = folder.assetcatalog; path = "Preview Assets.xcassets"; sourceTree = "<group>"; };
		8EDD6FC32695914600C6A7A7 /* Info.plist */ = {isa = PBXFileReference; lastKnownFileType = text.plist.xml; path = Info.plist; sourceTree = "<group>"; };
		8EDD6FC82695914600C6A7A7 /* myFirstProjectTests.xctest */ = {isa = PBXFileReference; explicitFileType = wrapper.cfbundle; includeInIndex = 0; path = myFirstProjectTests.xctest; sourceTree = BUILT_PRODUCTS_DIR; };
		8EDD6FCC2695914600C6A7A7 /* myFirstProjectTests.swift */ = {isa = PBXFileReference; lastKnownFileType = sourcecode.swift; path = myFirstProjectTests.swift; sourceTree = "<group>"; };
		8EDD6FCE2695914600C6A7A7 /* Info.plist */ = {isa = PBXFileReference; lastKnownFileType = text.plist.xml; path = Info.plist; sourceTree = "<group>"; };
		8EDD6FD32695914700C6A7A7 /* myFirstProjectUITests.xctest */ = {isa = PBXFileReference; explicitFileType = wrapper.cfbundle; includeInIndex = 0; path = myFirstProjectUITests.xctest; sourceTree = BUILT_PRODUCTS_DIR; };
		8EDD6FD72695914700C6A7A7 /* myFirstProjectUITests.swift */ = {isa = PBXFileReference; lastKnownFileType = sourcecode.swift; path = myFirstProjectUITests.swift; sourceTree = "<group>"; };
		8EDD6FD92695914700C6A7A7 /* Info.plist */ = {isa = PBXFileReference; lastKnownFileType = text.plist.xml; path = Info.plist; sourceTree = "<group>"; };
/* End PBXFileReference section */

/* Begin PBXFrameworksBuildPhase section */
		8EDD6FB42695914300C6A7A7 /* Frameworks */ = {
			isa = PBXFrameworksBuildPhase;
			buildActionMask = 2147483647;
			files = (
			);
			runOnlyForDeploymentPostprocessing = 0;
		};
		8EDD6FC52695914600C6A7A7 /* Frameworks */ = {
			isa = PBXFrameworksBuildPhase;
			buildActionMask = 2147483647;
			files = (
			);
			runOnlyForDeploymentPostprocessing = 0;
		};
		8EDD6FD02695914700C6A7A7 /* Frameworks */ = {
			isa = PBXFrameworksBuildPhase;
			buildActionMask = 2147483647;
			files = (
			);
			runOnlyForDeploymentPostprocessing = 0;
		};
/* End PBXFrameworksBuildPhase section */

/* Begin PBXGroup section */
		8EDD6FAE2695914300C6A7A7 = {
			isa = PBXGroup;
			children = (
				8EDD6FB92695914300C6A7A7 /* myFirstProject */,
				8EDD6FCB2695914600C6A7A7 /* myFirstProjectTests */,
				8EDD6FD62695914700C6A7A7 /* myFirstProjectUITests */,
				8EDD6FB82695914300C6A7A7 /* Products */,
			);
			sourceTree = "<group>";
		};
		8EDD6FB82695914300C6A7A7 /* Products */ = {
			isa = PBXGroup;
			children = (
				8EDD6FB72695914300C6A7A7 /* myFirstProject.app */,
				8EDD6FC82695914600C6A7A7 /* myFirstProjectTests.xctest */,
				8EDD6FD32695914700C6A7A7 /* myFirstProjectUITests.xctest */,
			);
			name = Products;
			sourceTree = "<group>";
		};
		8EDD6FB92695914300C6A7A7 /* myFirstProject */ = {
			isa = PBXGroup;
			children = (
				8EDD6FBA2695914300C6A7A7 /* myFirstProjectApp.swift */,
				8EDD6FBC2695914300C6A7A7 /* ContentView.swift */,
				8EDD6FBE2695914600C6A7A7 /* Assets.xcassets */,
				8EDD6FC32695914600C6A7A7 /* Info.plist */,
				8EDD6FC02695914600C6A7A7 /* Preview Content */,
			);
			path = myFirstProject;
			sourceTree = "<group>";
		};
		8EDD6FC02695914600C6A7A7 /* Preview Content */ = {
			isa = PBXGroup;
			children = (
				8EDD6FC12695914600C6A7A7 /* Preview Assets.xcassets */,
			);
			path = "Preview Content";
			sourceTree = "<group>";
		};
		8EDD6FCB2695914600C6A7A7 /* myFirstProjectTests */ = {
			isa = PBXGroup;
			children = (
				8EDD6FCC2695914600C6A7A7 /* myFirstProjectTests.swift */,
				8EDD6FCE2695914600C6A7A7 /* Info.plist */,
			);
			path = myFirstProjectTests;
			sourceTree = "<group>";
		};
		8EDD6FD62695914700C6A7A7 /* myFirstProjectUITests */ = {
			isa = PBXGroup;
			children = (
				8EDD6FD72695914700C6A7A7 /* myFirstProjectUITests.swift */,
				8EDD6FD92695914700C6A7A7 /* Info.plist */,
			);
			path = myFirstProjectUITests;
			sourceTree = "<group>";
		};
/* End PBXGroup section */

/* Begin PBXNativeTarget section */
		8EDD6FB62695914300C6A7A7 /* myFirstProject */ = {
			isa = PBXNativeTarget;
			buildConfigurationList = 8EDD6FDC2695914700C6A7A7 /* Build configuration list for PBXNativeTarget "myFirstProject" */;
			buildPhases = (
				8EDD6FB32695914300C6A7A7 /* Sources */,
				8EDD6FB42695914300C6A7A7 /* Frameworks */,
				8EDD6FB52695914300C6A7A7 /* Resources */,
			);
			buildRules = (
			);
			dependencies = (
			);
			name = myFirstProject;
			productName = myFirstProject;
			productReference = 8EDD6FB72695914300C6A7A7 /* myFirstProject.app */;
			productType = "com.apple.product-type.application";
		};
		8EDD6FC72695914600C6A7A7 /* myFirstProjectTests */ = {
			isa = PBXNativeTarget;
			buildConfigurationList = 8EDD6FDF2695914700C6A7A7 /* Build configuration list for PBXNativeTarget "myFirstProjectTests" */;
			buildPhases = (
				8EDD6FC42695914600C6A7A7 /* Sources */,
				8EDD6FC52695914600C6A7A7 /* Frameworks */,
				8EDD6FC62695914600C6A7A7 /* Resources */,
			);
			buildRules = (
			);
			dependencies = (
				8EDD6FCA2695914600C6A7A7 /* PBXTargetDependency */,
			);
			name = myFirstProjectTests;
			productName = myFirstProjectTests;
			productReference = 8EDD6FC82695914600C6A7A7 /* myFirstProjectTests.xctest */;
			productType = "com.apple.product-type.bundle.unit-test";
		};
		8EDD6FD22695914700C6A7A7 /* myFirstProjectUITests */ = {
			isa = PBXNativeTarget;
			buildConfigurationList = 8EDD6FE22695914700C6A7A7 /* Build configuration list for PBXNativeTarget "myFirstProjectUITests" */;
			buildPhases = (
				8EDD6FCF2695914700C6A7A7 /* Sources */,
				8EDD6FD02695914700C6A7A7 /* Frameworks */,
				8EDD6FD12695914700C6A7A7 /* Resources */,
			);
			buildRules = (
			);
			dependencies = (
				8EDD6FD52695914700C6A7A7 /* PBXTargetDependency */,
			);
			name = myFirstProjectUITests;
			productName = myFirstProjectUITests;
			productReference = 8EDD6FD32695914700C6A7A7 /* myFirstProjectUITests.xctest */;
			productType = "com.apple.product-type.bundle.ui-testing";
		};
/* End PBXNativeTarget section */

/* Begin PBXProject section */
		8EDD6FAF2695914300C6A7A7 /* Project object */ = {
			isa = PBXProject;
			attributes = {
				LastSwiftUpdateCheck = 1250;
				LastUpgradeCheck = 1250;
				TargetAttributes = {
					8EDD6FB62695914300C6A7A7 = {
						CreatedOnToolsVersion = 12.5.1;
					};
					8EDD6FC72695914600C6A7A7 = {
						CreatedOnToolsVersion = 12.5.1;
						TestTargetID = 8EDD6FB62695914300C6A7A7;
					};
					8EDD6FD22695914700C6A7A7 = {
						CreatedOnToolsVersion = 12.5.1;
						TestTargetID = 8EDD6FB62695914300C6A7A7;
					};
				};
			};
			buildConfigurationList = 8EDD6FB22695914300C6A7A7 /* Build configuration list for PBXProject "myFirstProject" */;
			compatibilityVersion = "Xcode 9.3";
			developmentRegion = en;
			hasScannedForEncodings = 0;
			knownRegions = (
				en,
				Base,
			);
			mainGroup = 8EDD6FAE2695914300C6A7A7;
			productRefGroup = 8EDD6FB82695914300C6A7A7 /* Products */;
			projectDirPath = "";
			projectRoot = "";
			targets = (
				8EDD6FB62695914300C6A7A7 /* myFirstProject */,
				8EDD6FC72695914600C6A7A7 /* myFirstProjectTests */,
				8EDD6FD22695914700C6A7A7 /* myFirstProjectUITests */,
			);
		};
/* End PBXProject section */

/* Begin PBXResourcesBuildPhase section */
		8EDD6FB52695914300C6A7A7 /* Resources */ = {
			isa = PBXResourcesBuildPhase;
			buildActionMask = 2147483647;
			files = (
				8EDD6FC22695914600C6A7A7 /* Preview Assets.xcassets in Resources */,
				8EDD6FBF2695914600C6A7A7 /* Assets.xcassets in Resources */,
			);
			runOnlyForDeploymentPostprocessing = 0;
		};
		8EDD6FC62695914600C6A7A7 /* Resources */ = {
			isa = PBXResourcesBuildPhase;
			buildActionMask = 2147483647;
			files = (
			);
			runOnlyForDeploymentPostprocessing = 0;
		};
		8EDD6FD12695914700C6A7A7 /* Resources */ = {
			isa = PBXResourcesBuildPhase;
			buildActionMask = 2147483647;
			files = (
			);
			runOnlyForDeploymentPostprocessing = 0;
		};
/* End PBXResourcesBuildPhase section */

/* Begin PBXSourcesBuildPhase section */
		8EDD6FB32695914300C6A7A7 /* Sources */ = {
			isa = PBXSourcesBuildPhase;
			buildActionMask = 2147483647;
			files = (
				8EDD6FBD2695914300C6A7A7 /* ContentView.swift in Sources */,
				8EDD6FBB2695914300C6A7A7 /* myFirstProjectApp.swift in Sources */,
			);
			runOnlyForDeploymentPostprocessing = 0;
		};
		8EDD6FC42695914600C6A7A7 /* Sources */ = {
			isa = PBXSourcesBuildPhase;
			buildActionMask = 2147483647;
			files = (
				8EDD6FCD2695914600C6A7A7 /* myFirstProjectTests.swift in Sources */,
			);
			runOnlyForDeploymentPostprocessing = 0;
		};
		8EDD6FCF2695914700C6A7A7 /* Sources */ = {
			isa = PBXSourcesBuildPhase;
			buildActionMask = 2147483647;
			files = (
				8EDD6FD82695914700C6A7A7 /* myFirstProjectUITests.swift in Sources */,
			);
			runOnlyForDeploymentPostprocessing = 0;
		};
/* End PBXSourcesBuildPhase section */

/* Begin PBXTargetDependency section */
		8EDD6FCA2695914600C6A7A7 /* PBXTargetDependency */ = {
			isa = PBXTargetDependency;
			target = 8EDD6FB62695914300C6A7A7 /* myFirstProject */;
			targetProxy = 8EDD6FC92695914600C6A7A7 /* PBXContainerItemProxy */;
		};
		8EDD6FD52695914700C6A7A7 /* PBXTargetDependency */ = {
			isa = PBXTargetDependency;
			target = 8EDD6FB62695914300C6A7A7 /* myFirstProject */;
			targetProxy = 8EDD6FD42695914700C6A7A7 /* PBXContainerItemProxy */;
		};
/* End PBXTargetDependency section */

/* Begin XCBuildConfiguration section */
		8EDD6FDA2695914700C6A7A7 /* Debug */ = {
			isa = XCBuildConfiguration;
			buildSettings = {
				ALWAYS_SEARCH_USER_PATHS = NO;
				CLANG_ANALYZER_NONNULL = YES;
				CLANG_ANALYZER_NUMBER_OBJECT_CONVERSION = YES_AGGRESSIVE;
				CLANG_CXX_LANGUAGE_STANDARD = "gnu++14";
				CLANG_CXX_LIBRARY = "libc++";
				CLANG_ENABLE_MODULES = YES;
				CLANG_ENABLE_OBJC_ARC = YES;
				CLANG_ENABLE_OBJC_WEAK = YES;
				CLANG_WARN_BLOCK_CAPTURE_AUTORELEASING = YES;
				CLANG_WARN_BOOL_CONVERSION = YES;
				CLANG_WARN_COMMA = YES;
				CLANG_WARN_CONSTANT_CONVERSION = YES;
				CLANG_WARN_DEPRECATED_OBJC_IMPLEMENTATIONS = YES;
				CLANG_WARN_DIRECT_OBJC_ISA_USAGE = YES_ERROR;
				CLANG_WARN_DOCUMENTATION_COMMENTS = YES;
				CLANG_WARN_EMPTY_BODY = YES;
				CLANG_WARN_ENUM_CONVERSION = YES;
				CLANG_WARN_INFINITE_RECURSION = YES;
				CLANG_WARN_INT_CONVERSION = YES;
				CLANG_WARN_NON_LITERAL_NULL_CONVERSION = YES;
				CLANG_WARN_OBJC_IMPLICIT_RETAIN_SELF = YES;
				CLANG_WARN_OBJC_LITERAL_CONVERSION = YES;
				CLANG_WARN_OBJC_ROOT_CLASS = YES_ERROR;
				CLANG_WARN_QUOTED_INCLUDE_IN_FRAMEWORK_HEADER = YES;
				CLANG_WARN_RANGE_LOOP_ANALYSIS = YES;
				CLANG_WARN_STRICT_PROTOTYPES = YES;
				CLANG_WARN_SUSPICIOUS_MOVE = YES;
				CLANG_WARN_UNGUARDED_AVAILABILITY = YES_AGGRESSIVE;
				CLANG_WARN_UNREACHABLE_CODE = YES;
				CLANG_WARN__DUPLICATE_METHOD_MATCH = YES;
				COPY_PHASE_STRIP = NO;
				DEBUG_INFORMATION_FORMAT = dwarf;
				ENABLE_STRICT_OBJC_MSGSEND = YES;
				ENABLE_TESTABILITY = YES;
				GCC_C_LANGUAGE_STANDARD = gnu11;
				GCC_DYNAMIC_NO_PIC = NO;
				GCC_NO_COMMON_BLOCKS = YES;
				GCC_OPTIMIZATION_LEVEL = 0;
				GCC_PREPROCESSOR_DEFINITIONS = (
					"DEBUG=1",
					"$(inherited)",
				);
				GCC_WARN_64_TO_32_BIT_CONVERSION = YES;
				GCC_WARN_ABOUT_RETURN_TYPE = YES_ERROR;
				GCC_WARN_UNDECLARED_SELECTOR = YES;
				GCC_WARN_UNINITIALIZED_AUTOS = YES_AGGRESSIVE;
				GCC_WARN_UNUSED_FUNCTION = YES;
				GCC_WARN_UNUSED_VARIABLE = YES;
				IPHONEOS_DEPLOYMENT_TARGET = 14.5;
				MTL_ENABLE_DEBUG_INFO = INCLUDE_SOURCE;
				MTL_FAST_MATH = YES;
				ONLY_ACTIVE_ARCH = YES;
				SDKROOT = iphoneos;
				SWIFT_ACTIVE_COMPILATION_CONDITIONS = DEBUG;
				SWIFT_OPTIMIZATION_LEVEL = "-Onone";
			};
			name = Debug;
		};
		8EDD6FDB2695914700C6A7A7 /* Release */ = {
			isa = XCBuildConfiguration;
			buildSettings = {
				ALWAYS_SEARCH_USER_PATHS = NO;
				CLANG_ANALYZER_NONNULL = YES;
				CLANG_ANALYZER_NUMBER_OBJECT_CONVERSION = YES_AGGRESSIVE;
				CLANG_CXX_LANGUAGE_STANDARD = "gnu++14";
				CLANG_CXX_LIBRARY = "libc++";
				CLANG_ENABLE_MODULES = YES;
				CLANG_ENABLE_OBJC_ARC = YES;
				CLANG_ENABLE_OBJC_WEAK = YES;
				CLANG_WARN_BLOCK_CAPTURE_AUTORELEASING = YES;
				CLANG_WARN_BOOL_CONVERSION = YES;
				CLANG_WARN_COMMA = YES;
				CLANG_WARN_CONSTANT_CONVERSION = YES;
				CLANG_WARN_DEPRECATED_OBJC_IMPLEMENTATIONS = YES;
				CLANG_WARN_DIRECT_OBJC_ISA_USAGE = YES_ERROR;
				CLANG_WARN_DOCUMENTATION_COMMENTS = YES;
				CLANG_WARN_EMPTY_BODY = YES;
				CLANG_WARN_ENUM_CONVERSION = YES;
				CLANG_WARN_INFINITE_RECURSION = YES;
				CLANG_WARN_INT_CONVERSION = YES;
				CLANG_WARN_NON_LITERAL_NULL_CONVERSION = YES;
				CLANG_WARN_OBJC_IMPLICIT_RETAIN_SELF = YES;
				CLANG_WARN_OBJC_LITERAL_CONVERSION = YES;
				CLANG_WARN_OBJC_ROOT_CLASS = YES_ERROR;
				CLANG_WARN_QUOTED_INCLUDE_IN_FRAMEWORK_HEADER = YES;
				CLANG_WARN_RANGE_LOOP_ANALYSIS = YES;
				CLANG_WARN_STRICT_PROTOTYPES = YES;
				CLANG_WARN_SUSPICIOUS_MOVE = YES;
				CLANG_WARN_UNGUARDED_AVAILABILITY = YES_AGGRESSIVE;
				CLANG_WARN_UNREACHABLE_CODE = YES;
				CLANG_WARN__DUPLICATE_METHOD_MATCH = YES;
				COPY_PHASE_STRIP = NO;
				DEBUG_INFORMATION_FORMAT = "dwarf-with-dsym";
				ENABLE_NS_ASSERTIONS = NO;
				ENABLE_STRICT_OBJC_MSGSEND = YES;
				GCC_C_LANGUAGE_STANDARD = gnu11;
				GCC_NO_COMMON_BLOCKS = YES;
				GCC_WARN_64_TO_32_BIT_CONVERSION = YES;
				GCC_WARN_ABOUT_RETURN_TYPE = YES_ERROR;
				GCC_WARN_UNDECLARED_SELECTOR = YES;
				GCC_WARN_UNINITIALIZED_AUTOS = YES_AGGRESSIVE;
				GCC_WARN_UNUSED_FUNCTION = YES;
				GCC_WARN_UNUSED_VARIABLE = YES;
				IPHONEOS_DEPLOYMENT_TARGET = 14.5;
				MTL_ENABLE_DEBUG_INFO = NO;
				MTL_FAST_MATH = YES;
				SDKROOT = iphoneos;
				SWIFT_COMPILATION_MODE = wholemodule;
				SWIFT_OPTIMIZATION_LEVEL = "-O";
				VALIDATE_PRODUCT = YES;
			};
			name = Release;
		};
		8EDD6FDD2695914700C6A7A7 /* Debug */ = {
			isa = XCBuildConfiguration;
			buildSettings = {
				ASSETCATALOG_COMPILER_APPICON_NAME = AppIcon;
				ASSETCATALOG_COMPILER_GLOBAL_ACCENT_COLOR_NAME = AccentColor;
				CODE_SIGN_STYLE = Automatic;
				DEVELOPMENT_ASSET_PATHS = "\"myFirstProject/Preview Content\"";
				DEVELOPMENT_TEAM = XMSGP8N29Q;
				ENABLE_PREVIEWS = YES;
				INFOPLIST_FILE = myFirstProject/Info.plist;
				IPHONEOS_DEPLOYMENT_TARGET = 14.0;
				LD_RUNPATH_SEARCH_PATHS = (
					"$(inherited)",
					"@executable_path/Frameworks",
				);
				PRODUCT_BUNDLE_IDENTIFIER = com.vlad.myFirstProject;
				PRODUCT_NAME = "$(TARGET_NAME)";
				SWIFT_VERSION = 5.0;
				TARGETED_DEVICE_FAMILY = "1,2";
			};
			name = Debug;
		};
		8EDD6FDE2695914700C6A7A7 /* Release */ = {
			isa = XCBuildConfiguration;
			buildSettings = {
				ASSETCATALOG_COMPILER_APPICON_NAME = AppIcon;
				ASSETCATALOG_COMPILER_GLOBAL_ACCENT_COLOR_NAME = AccentColor;
				CODE_SIGN_STYLE = Automatic;
				DEVELOPMENT_ASSET_PATHS = "\"myFirstProject/Preview Content\"";
				DEVELOPMENT_TEAM = XMSGP8N29Q;
				ENABLE_PREVIEWS = YES;
				INFOPLIST_FILE = myFirstProject/Info.plist;
				IPHONEOS_DEPLOYMENT_TARGET = 14.0;
				LD_RUNPATH_SEARCH_PATHS = (
					"$(inherited)",
					"@executable_path/Frameworks",
				);
				PRODUCT_BUNDLE_IDENTIFIER = com.vlad.myFirstProject;
				PRODUCT_NAME = "$(TARGET_NAME)";
				SWIFT_VERSION = 5.0;
				TARGETED_DEVICE_FAMILY = "1,2";
			};
			name = Release;
		};
		8EDD6FE02695914700C6A7A7 /* Debug */ = {
			isa = XCBuildConfiguration;
			buildSettings = {
				ALWAYS_EMBED_SWIFT_STANDARD_LIBRARIES = YES;
				BUNDLE_LOADER = "$(TEST_HOST)";
				CODE_SIGN_STYLE = Automatic;
				DEVELOPMENT_TEAM = XMSGP8N29Q;
				INFOPLIST_FILE = myFirstProjectTests/Info.plist;
				IPHONEOS_DEPLOYMENT_TARGET = 14.0;
				LD_RUNPATH_SEARCH_PATHS = (
					"$(inherited)",
					"@executable_path/Frameworks",
					"@loader_path/Frameworks",
				);
				PRODUCT_BUNDLE_IDENTIFIER = com.vlad.myFirstProjectTests;
				PRODUCT_NAME = "$(TARGET_NAME)";
				SWIFT_VERSION = 5.0;
				TARGETED_DEVICE_FAMILY = "1,2";
				TEST_HOST = "$(BUILT_PRODUCTS_DIR)/myFirstProject.app/myFirstProject";
			};
			name = Debug;
		};
		8EDD6FE12695914700C6A7A7 /* Release */ = {
			isa = XCBuildConfiguration;
			buildSettings = {
				ALWAYS_EMBED_SWIFT_STANDARD_LIBRARIES = YES;
				BUNDLE_LOADER = "$(TEST_HOST)";
				CODE_SIGN_STYLE = Automatic;
				DEVELOPMENT_TEAM = XMSGP8N29Q;
				INFOPLIST_FILE = myFirstProjectTests/Info.plist;
				IPHONEOS_DEPLOYMENT_TARGET = 14.0;
				LD_RUNPATH_SEARCH_PATHS = (
					"$(inherited)",
					"@executable_path/Frameworks",
					"@loader_path/Frameworks",
				);
				PRODUCT_BUNDLE_IDENTIFIER = com.vlad.myFirstProjectTests;
				PRODUCT_NAME = "$(TARGET_NAME)";
				SWIFT_VERSION = 5.0;
				TARGETED_DEVICE_FAMILY = "1,2";
				TEST_HOST = "$(BUILT_PRODUCTS_DIR)/myFirstProject.app/myFirstProject";
			};
			name = Release;
		};
		8EDD6FE32695914700C6A7A7 /* Debug */ = {
			isa = XCBuildConfiguration;
			buildSettings = {
				ALWAYS_EMBED_SWIFT_STANDARD_LIBRARIES = YES;
				CODE_SIGN_STYLE = Automatic;
				DEVELOPMENT_TEAM = XMSGP8N29Q;
				INFOPLIST_FILE = myFirstProjectUITests/Info.plist;
				LD_RUNPATH_SEARCH_PATHS = (
					"$(inherited)",
					"@executable_path/Frameworks",
					"@loader_path/Frameworks",
				);
				PRODUCT_BUNDLE_IDENTIFIER = com.vlad.myFirstProjectUITests;
				PRODUCT_NAME = "$(TARGET_NAME)";
				SWIFT_VERSION = 5.0;
				TARGETED_DEVICE_FAMILY = "1,2";
				TEST_TARGET_NAME = myFirstProject;
			};
			name = Debug;
		};
		8EDD6FE42695914700C6A7A7 /* Release */ = {
			isa = XCBuildConfiguration;
			buildSettings = {
				ALWAYS_EMBED_SWIFT_STANDARD_LIBRARIES = YES;
				CODE_SIGN_STYLE = Automatic;
				DEVELOPMENT_TEAM = XMSGP8N29Q;
				INFOPLIST_FILE = myFirstProjectUITests/Info.plist;
				LD_RUNPATH_SEARCH_PATHS = (
					"$(inherited)",
					"@executable_path/Frameworks",
					"@loader_path/Frameworks",
				);
				PRODUCT_BUNDLE_IDENTIFIER = com.vlad.myFirstProjectUITests;
				PRODUCT_NAME = "$(TARGET_NAME)";
				SWIFT_VERSION = 5.0;
				TARGETED_DEVICE_FAMILY = "1,2";
				TEST_TARGET_NAME = myFirstProject;
			};
			name = Release;
		};
/* End XCBuildConfiguration section */

/* Begin XCConfigurationList section */
		8EDD6FB22695914300C6A7A7 /* Build configuration list for PBXProject "myFirstProject" */ = {
			isa = XCConfigurationList;
			buildConfigurations = (
				8EDD6FDA2695914700C6A7A7 /* Debug */,
				8EDD6FDB2695914700C6A7A7 /* Release */,
			);
			defaultConfigurationIsVisible = 0;
			defaultConfigurationName = Release;
		};
		8EDD6FDC2695914700C6A7A7 /* Build configuration list for PBXNativeTarget "myFirstProject" */ = {
			isa = XCConfigurationList;
			buildConfigurations = (
				8EDD6FDD2695914700C6A7A7 /* Debug */,
				8EDD6FDE2695914700C6A7A7 /* Release */,
			);
			defaultConfigurationIsVisible = 0;
			defaultConfigurationName = Release;
		};
		8EDD6FDF2695914700C6A7A7 /* Build configuration list for PBXNativeTarget "myFirstProjectTests" */ = {
			isa = XCConfigurationList;
			buildConfigurations = (
				8EDD6FE02695914700C6A7A7 /* Debug */,
				8EDD6FE12695914700C6A7A7 /* Release */,
			);
			defaultConfigurationIsVisible = 0;
			defaultConfigurationName = Release;
		};
		8EDD6FE22695914700C6A7A7 /* Build configuration list for PBXNativeTarget "myFirstProjectUITests" */ = {
			isa = XCConfigurationList;
			buildConfigurations = (
				8EDD6FE32695914700C6A7A7 /* Debug */,
				8EDD6FE42695914700C6A7A7 /* Release */,
			);
			defaultConfigurationIsVisible = 0;
			defaultConfigurationName = Release;
		};
/* End XCConfigurationList section */
	};
	rootObject = 8EDD6FAF2695914300C6A7A7 /* Project object */;
}
